
Microsoft Visual Studio Solution File, Format Version 12.00
# Visual Studio Version 17
VisualStudioVersion = 17.9.34622.214
MinimumVisualStudioVersion = 10.0.40219.1
Project("{9A19103F-16F7-4668-BE54-9A1E7A4F7556}") = "MyVideo.Demo", "MyVideo.Demo\MyVideo.Demo.csproj", "{F3F6E631-ABA9-47DF-8607-F36CCD7E8787}"
EndProject
Project("{FAE04EC0-301F-11D3-BF4B-00C04F79EFBC}") = "MyVideo.Demo.Unit.Test", "MyVideo.Demo.Unit.Test.Project\MyVideo.Demo.Unit.Test.csproj", "{957B6518-A4EF-4932-B365-C497B90389A3}"
EndProject
Global
	GlobalSection(SolutionConfigurationPlatforms) = preSolution
		Debug|Any CPU = Debug|Any CPU
		Release|Any CPU = Release|Any CPU
	EndGlobalSection
	GlobalSection(ProjectConfigurationPlatforms) = postSolution
		{F3F6E631-ABA9-47DF-8607-F36CCD7E8787}.Debug|Any CPU.ActiveCfg = Debug|Any CPU
		{F3F6E631-ABA9-47DF-8607-F36CCD7E8787}.Debug|Any CPU.Build.0 = Debug|Any CPU
		{F3F6E631-ABA9-47DF-8607-F36CCD7E8787}.Release|Any CPU.ActiveCfg = Release|Any CPU
		{F3F6E631-ABA9-47DF-8607-F36CCD7E8787}.Release|Any CPU.Build.0 = Release|Any CPU
		{957B6518-A4EF-4932-B365-C497B90389A3}.Debug|Any CPU.ActiveCfg = Debug|Any CPU
		{957B6518-A4EF-4932-B365-C497B90389A3}.Debug|Any CPU.Build.0 = Debug|Any CPU
		{957B6518-A4EF-4932-B365-C497B90389A3}.Release|Any CPU.ActiveCfg = Release|Any CPU
		{957B6518-A4EF-4932-B365-C497B90389A3}.Release|Any CPU.Build.0 = Release|Any CPU
	EndGlobalSection
	GlobalSection(SolutionProperties) = preSolution
		HideSolutionNode = FALSE
	EndGlobalSection
	GlobalSection(ExtensibilityGlobals) = postSolution
		SolutionGuid = {9C650078-81CE-4AD1-A83F-9FC926B79211}
	EndGlobalSection
EndGlobal
